// !$*UTF8*$!
{
	archiveVersion = 1;
	classes = {
	};
	objectVersion = 52;
	objects = {

/* Begin PBXBuildFile section */
		6E762C4DF25ACE55A00CF976 /* Pods_Unit1_CodePath.framework in Frameworks */ = {isa = PBXBuildFile; fileRef = 6DE2345A82A9679E8E3F2EAD /* Pods_Unit1_CodePath.framework */; };
		B4594FC426FEE31800AF2EBE /* AlamofireImage in Frameworks */ = {isa = PBXBuildFile; productRef = B4594FC326FEE31800AF2EBE /* AlamofireImage */; };
		B46D425E26FEC87E00135737 /* AppDelegate.swift in Sources */ = {isa = PBXBuildFile; fileRef = B46D425D26FEC87E00135737 /* AppDelegate.swift */; };
		B46D426026FEC87E00135737 /* SceneDelegate.swift in Sources */ = {isa = PBXBuildFile; fileRef = B46D425F26FEC87E00135737 /* SceneDelegate.swift */; };
		B46D426226FEC87E00135737 /* ViewController.swift in Sources */ = {isa = PBXBuildFile; fileRef = B46D426126FEC87E00135737 /* ViewController.swift */; };
		B46D426526FEC87E00135737 /* Main.storyboard in Resources */ = {isa = PBXBuildFile; fileRef = B46D426326FEC87E00135737 /* Main.storyboard */; };
		B46D426726FEC87F00135737 /* Assets.xcassets in Resources */ = {isa = PBXBuildFile; fileRef = B46D426626FEC87F00135737 /* Assets.xcassets */; };
		B46D426A26FEC87F00135737 /* LaunchScreen.storyboard in Resources */ = {isa = PBXBuildFile; fileRef = B46D426826FEC87F00135737 /* LaunchScreen.storyboard */; };
		B46D427C26FED09300135737 /* MovieCell.swift in Sources */ = {isa = PBXBuildFile; fileRef = B46D427B26FED09300135737 /* MovieCell.swift */; };
		B484B50727079291005AFD47 /* MovieDetailsViewController.swift in Sources */ = {isa = PBXBuildFile; fileRef = B484B50627079291005AFD47 /* MovieDetailsViewController.swift */; };
		B4A506C827080F4F002761C6 /* MovieGridViewController.swift in Sources */ = {isa = PBXBuildFile; fileRef = B4A506C727080F4F002761C6 /* MovieGridViewController.swift */; };
		B4A506CB270814CF002761C6 /* MovieGridCell.swift in Sources */ = {isa = PBXBuildFile; fileRef = B4A506CA270814CF002761C6 /* MovieGridCell.swift */; };
/* End PBXBuildFile section */

/* Begin PBXFileReference section */
		6459EE5AF81FA44F7E923EAC /* Pods-Unit1_CodePath.debug.xcconfig */ = {isa = PBXFileReference; includeInIndex = 1; lastKnownFileType = text.xcconfig; name = "Pods-Unit1_CodePath.debug.xcconfig"; path = "Target Support Files/Pods-Unit1_CodePath/Pods-Unit1_CodePath.debug.xcconfig"; sourceTree = "<group>"; };
		6DE2345A82A9679E8E3F2EAD /* Pods_Unit1_CodePath.framework */ = {isa = PBXFileReference; explicitFileType = wrapper.framework; includeInIndex = 0; path = Pods_Unit1_CodePath.framework; sourceTree = BUILT_PRODUCTS_DIR; };
		A74F72E702448EA6C039EB69 /* Pods-Unit1_CodePath.release.xcconfig */ = {isa = PBXFileReference; includeInIndex = 1; lastKnownFileType = text.xcconfig; name = "Pods-Unit1_CodePath.release.xcconfig"; path = "Target Support Files/Pods-Unit1_CodePath/Pods-Unit1_CodePath.release.xcconfig"; sourceTree = "<group>"; };
		B46D425A26FEC87E00135737 /* Unit1_CodePath.app */ = {isa = PBXFileReference; explicitFileType = wrapper.application; includeInIndex = 0; path = Unit1_CodePath.app; sourceTree = BUILT_PRODUCTS_DIR; };
		B46D425D26FEC87E00135737 /* AppDelegate.swift */ = {isa = PBXFileReference; lastKnownFileType = sourcecode.swift; path = AppDelegate.swift; sourceTree = "<group>"; };
		B46D425F26FEC87E00135737 /* SceneDelegate.swift */ = {isa = PBXFileReference; lastKnownFileType = sourcecode.swift; path = SceneDelegate.swift; sourceTree = "<group>"; };
		B46D426126FEC87E00135737 /* ViewController.swift */ = {isa = PBXFileReference; lastKnownFileType = sourcecode.swift; path = ViewController.swift; sourceTree = "<group>"; };
		B46D426426FEC87E00135737 /* Base */ = {isa = PBXFileReference; lastKnownFileType = file.storyboard; name = Base; path = Base.lproj/Main.storyboard; sourceTree = "<group>"; };
		B46D426626FEC87F00135737 /* Assets.xcassets */ = {isa = PBXFileReference; lastKnownFileType = folder.assetcatalog; path = Assets.xcassets; sourceTree = "<group>"; };
		B46D426926FEC87F00135737 /* Base */ = {isa = PBXFileReference; lastKnownFileType = file.storyboard; name = Base; path = Base.lproj/LaunchScreen.storyboard; sourceTree = "<group>"; };
		B46D426B26FEC87F00135737 /* Info.plist */ = {isa = PBXFileReference; lastKnownFileType = text.plist.xml; path = Info.plist; sourceTree = "<group>"; };
		B46D427B26FED09300135737 /* MovieCell.swift */ = {isa = PBXFileReference; lastKnownFileType = sourcecode.swift; path = MovieCell.swift; sourceTree = "<group>"; };
		B484B50627079291005AFD47 /* MovieDetailsViewController.swift */ = {isa = PBXFileReference; lastKnownFileType = sourcecode.swift; path = MovieDetailsViewController.swift; sourceTree = "<group>"; };
		B4A506C727080F4F002761C6 /* MovieGridViewController.swift */ = {isa = PBXFileReference; lastKnownFileType = sourcecode.swift; path = MovieGridViewController.swift; sourceTree = "<group>"; };
		B4A506CA270814CF002761C6 /* MovieGridCell.swift */ = {isa = PBXFileReference; lastKnownFileType = sourcecode.swift; path = MovieGridCell.swift; sourceTree = "<group>"; };
/* End PBXFileReference section */

/* Begin PBXFrameworksBuildPhase section */
		B46D425726FEC87E00135737 /* Frameworks */ = {
			isa = PBXFrameworksBuildPhase;
			buildActionMask = 2147483647;
			files = (
				B4594FC426FEE31800AF2EBE /* AlamofireImage in Frameworks */,
				6E762C4DF25ACE55A00CF976 /* Pods_Unit1_CodePath.framework in Frameworks */,
			);
			runOnlyForDeploymentPostprocessing = 0;
		};
/* End PBXFrameworksBuildPhase section */

/* Begin PBXGroup section */
		553AC69CEB70D45445C0D628 /* Frameworks */ = {
			isa = PBXGroup;
			children = (
				6DE2345A82A9679E8E3F2EAD /* Pods_Unit1_CodePath.framework */,
			);
			name = Frameworks;
			sourceTree = "<group>";
		};
		91C36BAB9D4D1DAC7F6054C9 /* Pods */ = {
			isa = PBXGroup;
			children = (
				6459EE5AF81FA44F7E923EAC /* Pods-Unit1_CodePath.debug.xcconfig */,
				A74F72E702448EA6C039EB69 /* Pods-Unit1_CodePath.release.xcconfig */,
			);
			path = Pods;
			sourceTree = "<group>";
		};
		B46D425126FEC87E00135737 = {
			isa = PBXGroup;
			children = (
				B46D425C26FEC87E00135737 /* Unit1_CodePath */,
				B46D425B26FEC87E00135737 /* Products */,
				91C36BAB9D4D1DAC7F6054C9 /* Pods */,
				553AC69CEB70D45445C0D628 /* Frameworks */,
			);
			sourceTree = "<group>";
		};
		B46D425B26FEC87E00135737 /* Products */ = {
			isa = PBXGroup;
			children = (
				B46D425A26FEC87E00135737 /* Unit1_CodePath.app */,
			);
			name = Products;
			sourceTree = "<group>";
		};
		B46D425C26FEC87E00135737 /* Unit1_CodePath */ = {
			isa = PBXGroup;
			children = (
				B46D425D26FEC87E00135737 /* AppDelegate.swift */,
				B484B50627079291005AFD47 /* MovieDetailsViewController.swift */,
				B46D425F26FEC87E00135737 /* SceneDelegate.swift */,
				B4A506CA270814CF002761C6 /* MovieGridCell.swift */,
				B46D426126FEC87E00135737 /* ViewController.swift */,
				B4A506C727080F4F002761C6 /* MovieGridViewController.swift */,
				B46D427B26FED09300135737 /* MovieCell.swift */,
				B46D426326FEC87E00135737 /* Main.storyboard */,
				B46D426626FEC87F00135737 /* Assets.xcassets */,
				B46D426826FEC87F00135737 /* LaunchScreen.storyboard */,
				B46D426B26FEC87F00135737 /* Info.plist */,
			);
			path = Unit1_CodePath;
			sourceTree = "<group>";
		};
/* End PBXGroup section */

/* Begin PBXNativeTarget section */
		B46D425926FEC87E00135737 /* Unit1_CodePath */ = {
			isa = PBXNativeTarget;
			buildConfigurationList = B46D426E26FEC87F00135737 /* Build configuration list for PBXNativeTarget "Unit1_CodePath" */;
			buildPhases = (
				ECBCF32401892A61212AB8CE /* [CP] Check Pods Manifest.lock */,
				B46D425626FEC87E00135737 /* Sources */,
				B46D425726FEC87E00135737 /* Frameworks */,
				B46D425826FEC87E00135737 /* Resources */,
				0E005AB2A3601137A83D2697 /* [CP] Embed Pods Frameworks */,
			);
			buildRules = (
			);
			dependencies = (
			);
			name = Unit1_CodePath;
			packageProductDependencies = (
				B4594FC326FEE31800AF2EBE /* AlamofireImage */,
			);
			productName = Unit1_CodePath;
			productReference = B46D425A26FEC87E00135737 /* Unit1_CodePath.app */;
			productType = "com.apple.product-type.application";
		};
/* End PBXNativeTarget section */

/* Begin PBXProject section */
		B46D425226FEC87E00135737 /* Project object */ = {
			isa = PBXProject;
			attributes = {
				LastSwiftUpdateCheck = 1200;
				LastUpgradeCheck = 1200;
				TargetAttributes = {
					B46D425926FEC87E00135737 = {
						CreatedOnToolsVersion = 12.0;
					};
				};
			};
			buildConfigurationList = B46D425526FEC87E00135737 /* Build configuration list for PBXProject "Unit1_CodePath" */;
			compatibilityVersion = "Xcode 9.3";
			developmentRegion = en;
			hasScannedForEncodings = 0;
			knownRegions = (
				en,
				Base,
			);
			mainGroup = B46D425126FEC87E00135737;
			packageReferences = (
				B4594FC226FEE31800AF2EBE /* XCRemoteSwiftPackageReference "AlamofireImage" */,
			);
			productRefGroup = B46D425B26FEC87E00135737 /* Products */;
			projectDirPath = "";
			projectRoot = "";
			targets = (
				B46D425926FEC87E00135737 /* Unit1_CodePath */,
			);
		};
/* End PBXProject section */

/* Begin PBXResourcesBuildPhase section */
		B46D425826FEC87E00135737 /* Resources */ = {
			isa = PBXResourcesBuildPhase;
			buildActionMask = 2147483647;
			files = (
				B46D426A26FEC87F00135737 /* LaunchScreen.storyboard in Resources */,
				B46D426726FEC87F00135737 /* Assets.xcassets in Resources */,
				B46D426526FEC87E00135737 /* Main.storyboard in Resources */,
			);
			runOnlyForDeploymentPostprocessing = 0;
		};
/* End PBXResourcesBuildPhase section */

/* Begin PBXShellScriptBuildPhase section */
		0E005AB2A3601137A83D2697 /* [CP] Embed Pods Frameworks */ = {
			isa = PBXShellScriptBuildPhase;
			buildActionMask = 2147483647;
			files = (
			);
			inputFileListPaths = (
				"${PODS_ROOT}/Target Support Files/Pods-Unit1_CodePath/Pods-Unit1_CodePath-frameworks-${CONFIGURATION}-input-files.xcfilelist",
			);
			name = "[CP] Embed Pods Frameworks";
			outputFileListPaths = (
				"${PODS_ROOT}/Target Support Files/Pods-Unit1_CodePath/Pods-Unit1_CodePath-frameworks-${CONFIGURATION}-output-files.xcfilelist",
			);
			runOnlyForDeploymentPostprocessing = 0;
			shellPath = /bin/sh;
			shellScript = "\"${PODS_ROOT}/Target Support Files/Pods-Unit1_CodePath/Pods-Unit1_CodePath-frameworks.sh\"\n";
			showEnvVarsInLog = 0;
		};
		ECBCF32401892A61212AB8CE /* [CP] Check Pods Manifest.lock */ = {
			isa = PBXShellScriptBuildPhase;
			buildActionMask = 2147483647;
			files = (
			);
			inputFileListPaths = (
			);
			inputPaths = (
				"${PODS_PODFILE_DIR_PATH}/Podfile.lock",
				"${PODS_ROOT}/Manifest.lock",
			);
			name = "[CP] Check Pods Manifest.lock";
			outputFileListPaths = (
			);
			outputPaths = (
				"$(DERIVED_FILE_DIR)/Pods-Unit1_CodePath-checkManifestLockResult.txt",
			);
			runOnlyForDeploymentPostprocessing = 0;
			shellPath = /bin/sh;
			shellScript = "diff \"${PODS_PODFILE_DIR_PATH}/Podfile.lock\" \"${PODS_ROOT}/Manifest.lock\" > /dev/null\nif [ $? != 0 ] ; then\n    # print error to STDERR\n    echo \"error: The sandbox is not in sync with the Podfile.lock. Run 'pod install' or update your CocoaPods installation.\" >&2\n    exit 1\nfi\n# This output is used by Xcode 'outputs' to avoid re-running this script phase.\necho \"SUCCESS\" > \"${SCRIPT_OUTPUT_FILE_0}\"\n";
			showEnvVarsInLog = 0;
		};
/* End PBXShellScriptBuildPhase section */

/* Begin PBXSourcesBuildPhase section */
		B46D425626FEC87E00135737 /* Sources */ = {
			isa = PBXSourcesBuildPhase;
			buildActionMask = 2147483647;
			files = (
				B484B50727079291005AFD47 /* MovieDetailsViewController.swift in Sources */,
				B46D426226FEC87E00135737 /* ViewController.swift in Sources */,
				B46D425E26FEC87E00135737 /* AppDelegate.swift in Sources */,
				B46D427C26FED09300135737 /* MovieCell.swift in Sources */,
				B46D426026FEC87E00135737 /* SceneDelegate.swift in Sources */,
				B4A506C827080F4F002761C6 /* MovieGridViewController.swift in Sources */,
				B4A506CB270814CF002761C6 /* MovieGridCell.swift in Sources */,
			);
			runOnlyForDeploymentPostprocessing = 0;
		};
/* End PBXSourcesBuildPhase section */

/* Begin PBXVariantGroup section */
		B46D426326FEC87E00135737 /* Main.storyboard */ = {
			isa = PBXVariantGroup;
			children = (
				B46D426426FEC87E00135737 /* Base */,
			);
			name = Main.storyboard;
			sourceTree = "<group>";
		};
		B46D426826FEC87F00135737 /* LaunchScreen.storyboard */ = {
			isa = PBXVariantGroup;
			children = (
				B46D426926FEC87F00135737 /* Base */,
			);
			name = LaunchScreen.storyboard;
			sourceTree = "<group>";
		};
/* End PBXVariantGroup section */

/* Begin XCBuildConfiguration section */
		B46D426C26FEC87F00135737 /* Debug */ = {
			isa = XCBuildConfiguration;
			buildSettings = {
				ALWAYS_SEARCH_USER_PATHS = NO;
				CLANG_ANALYZER_NONNULL = YES;
				CLANG_ANALYZER_NUMBER_OBJECT_CONVERSION = YES_AGGRESSIVE;
				CLANG_CXX_LANGUAGE_STANDARD = "gnu++14";
				CLANG_CXX_LIBRARY = "libc++";
				CLANG_ENABLE_MODULES = YES;
				CLANG_ENABLE_OBJC_ARC = YES;
				CLANG_ENABLE_OBJC_WEAK = YES;
				CLANG_WARN_BLOCK_CAPTURE_AUTORELEASING = YES;
				CLANG_WARN_BOOL_CONVERSION = YES;
				CLANG_WARN_COMMA = YES;
				CLANG_WARN_CONSTANT_CONVERSION = YES;
				CLANG_WARN_DEPRECATED_OBJC_IMPLEMENTATIONS = YES;
				CLANG_WARN_DIRECT_OBJC_ISA_USAGE = YES_ERROR;
				CLANG_WARN_DOCUMENTATION_COMMENTS = YES;
				CLANG_WARN_EMPTY_BODY = YES;
				CLANG_WARN_ENUM_CONVERSION = YES;
				CLANG_WARN_INFINITE_RECURSION = YES;
				CLANG_WARN_INT_CONVERSION = YES;
				CLANG_WARN_NON_LITERAL_NULL_CONVERSION = YES;
				CLANG_WARN_OBJC_IMPLICIT_RETAIN_SELF = YES;
				CLANG_WARN_OBJC_LITERAL_CONVERSION = YES;
				CLANG_WARN_OBJC_ROOT_CLASS = YES_ERROR;
				CLANG_WARN_QUOTED_INCLUDE_IN_FRAMEWORK_HEADER = YES;
				CLANG_WARN_RANGE_LOOP_ANALYSIS = YES;
				CLANG_WARN_STRICT_PROTOTYPES = YES;
				CLANG_WARN_SUSPICIOUS_MOVE = YES;
				CLANG_WARN_UNGUARDED_AVAILABILITY = YES_AGGRESSIVE;
				CLANG_WARN_UNREACHABLE_CODE = YES;
				CLANG_WARN__DUPLICATE_METHOD_MATCH = YES;
				COPY_PHASE_STRIP = NO;
				DEBUG_INFORMATION_FORMAT = dwarf;
				ENABLE_STRICT_OBJC_MSGSEND = YES;
				ENABLE_TESTABILITY = YES;
				GCC_C_LANGUAGE_STANDARD = gnu11;
				GCC_DYNAMIC_NO_PIC = NO;
				GCC_NO_COMMON_BLOCKS = YES;
				GCC_OPTIMIZATION_LEVEL = 0;
				GCC_PREPROCESSOR_DEFINITIONS = (
					"DEBUG=1",
					"$(inherited)",
				);
				GCC_WARN_64_TO_32_BIT_CONVERSION = YES;
				GCC_WARN_ABOUT_RETURN_TYPE = YES_ERROR;
				GCC_WARN_UNDECLARED_SELECTOR = YES;
				GCC_WARN_UNINITIALIZED_AUTOS = YES_AGGRESSIVE;
				GCC_WARN_UNUSED_FUNCTION = YES;
				GCC_WARN_UNUSED_VARIABLE = YES;
				IPHONEOS_DEPLOYMENT_TARGET = 14.0;
				MTL_ENABLE_DEBUG_INFO = INCLUDE_SOURCE;
				MTL_FAST_MATH = YES;
				ONLY_ACTIVE_ARCH = YES;
				SDKROOT = iphoneos;
				SWIFT_ACTIVE_COMPILATION_CONDITIONS = DEBUG;
				SWIFT_OPTIMIZATION_LEVEL = "-Onone";
			};
			name = Debug;
		};
		B46D426D26FEC87F00135737 /* Release */ = {
			isa = XCBuildConfiguration;
			buildSettings = {
				ALWAYS_SEARCH_USER_PATHS = NO;
				CLANG_ANALYZER_NONNULL = YES;
				CLANG_ANALYZER_NUMBER_OBJECT_CONVERSION = YES_AGGRESSIVE;
				CLANG_CXX_LANGUAGE_STANDARD = "gnu++14";
				CLANG_CXX_LIBRARY = "libc++";
				CLANG_ENABLE_MODULES = YES;
				CLANG_ENABLE_OBJC_ARC = YES;
				CLANG_ENABLE_OBJC_WEAK = YES;
				CLANG_WARN_BLOCK_CAPTURE_AUTORELEASING = YES;
				CLANG_WARN_BOOL_CONVERSION = YES;
				CLANG_WARN_COMMA = YES;
				CLANG_WARN_CONSTANT_CONVERSION = YES;
				CLANG_WARN_DEPRECATED_OBJC_IMPLEMENTATIONS = YES;
				CLANG_WARN_DIRECT_OBJC_ISA_USAGE = YES_ERROR;
				CLANG_WARN_DOCUMENTATION_COMMENTS = YES;
				CLANG_WARN_EMPTY_BODY = YES;
				CLANG_WARN_ENUM_CONVERSION = YES;
				CLANG_WARN_INFINITE_RECURSION = YES;
				CLANG_WARN_INT_CONVERSION = YES;
				CLANG_WARN_NON_LITERAL_NULL_CONVERSION = YES;
				CLANG_WARN_OBJC_IMPLICIT_RETAIN_SELF = YES;
				CLANG_WARN_OBJC_LITERAL_CONVERSION = YES;
				CLANG_WARN_OBJC_ROOT_CLASS = YES_ERROR;
				CLANG_WARN_QUOTED_INCLUDE_IN_FRAMEWORK_HEADER = YES;
				CLANG_WARN_RANGE_LOOP_ANALYSIS = YES;
				CLANG_WARN_STRICT_PROTOTYPES = YES;
				CLANG_WARN_SUSPICIOUS_MOVE = YES;
				CLANG_WARN_UNGUARDED_AVAILABILITY = YES_AGGRESSIVE;
				CLANG_WARN_UNREACHABLE_CODE = YES;
				CLANG_WARN__DUPLICATE_METHOD_MATCH = YES;
				COPY_PHASE_STRIP = NO;
				DEBUG_INFORMATION_FORMAT = "dwarf-with-dsym";
				ENABLE_NS_ASSERTIONS = NO;
				ENABLE_STRICT_OBJC_MSGSEND = YES;
				GCC_C_LANGUAGE_STANDARD = gnu11;
				GCC_NO_COMMON_BLOCKS = YES;
				GCC_WARN_64_TO_32_BIT_CONVERSION = YES;
				GCC_WARN_ABOUT_RETURN_TYPE = YES_ERROR;
				GCC_WARN_UNDECLARED_SELECTOR = YES;
				GCC_WARN_UNINITIALIZED_AUTOS = YES_AGGRESSIVE;
				GCC_WARN_UNUSED_FUNCTION = YES;
				GCC_WARN_UNUSED_VARIABLE = YES;
				IPHONEOS_DEPLOYMENT_TARGET = 14.0;
				MTL_ENABLE_DEBUG_INFO = NO;
				MTL_FAST_MATH = YES;
				SDKROOT = iphoneos;
				SWIFT_COMPILATION_MODE = wholemodule;
				SWIFT_OPTIMIZATION_LEVEL = "-O";
				VALIDATE_PRODUCT = YES;
			};
			name = Release;
		};
		B46D426F26FEC87F00135737 /* Debug */ = {
			isa = XCBuildConfiguration;
			baseConfigurationReference = 6459EE5AF81FA44F7E923EAC /* Pods-Unit1_CodePath.debug.xcconfig */;
			buildSettings = {
				ASSETCATALOG_COMPILER_APPICON_NAME = AppIcon;
				ASSETCATALOG_COMPILER_GLOBAL_ACCENT_COLOR_NAME = AccentColor;
				CODE_SIGN_STYLE = Automatic;
				DEVELOPMENT_TEAM = N336KP654A;
				INFOPLIST_FILE = Unit1_CodePath/Info.plist;
				LD_RUNPATH_SEARCH_PATHS = (
					"$(inherited)",
					"@executable_path/Frameworks",
				);
				PRODUCT_BUNDLE_IDENTIFIER = "com.SuyeShen.Unit1-CodePath";
				PRODUCT_NAME = "$(TARGET_NAME)";
				SWIFT_VERSION = 5.0;
				TARGETED_DEVICE_FAMILY = "1,2";
			};
			name = Debug;
		};
		B46D427026FEC87F00135737 /* Release */ = {
			isa = XCBuildConfiguration;
			baseConfigurationReference = A74F72E702448EA6C039EB69 /* Pods-Unit1_CodePath.release.xcconfig */;
			buildSettings = {
				ASSETCATALOG_COMPILER_APPICON_NAME = AppIcon;
				ASSETCATALOG_COMPILER_GLOBAL_ACCENT_COLOR_NAME = AccentColor;
				CODE_SIGN_STYLE = Automatic;
				DEVELOPMENT_TEAM = N336KP654A;
				INFOPLIST_FILE = Unit1_CodePath/Info.plist;
				LD_RUNPATH_SEARCH_PATHS = (
					"$(inherited)",
					"@executable_path/Frameworks",
				);
				PRODUCT_BUNDLE_IDENTIFIER = "com.SuyeShen.Unit1-CodePath";
				PRODUCT_NAME = "$(TARGET_NAME)";
				SWIFT_VERSION = 5.0;
				TARGETED_DEVICE_FAMILY = "1,2";
			};
			name = Release;
		};
/* End XCBuildConfiguration section */

/* Begin XCConfigurationList section */
		B46D425526FEC87E00135737 /* Build configuration list for PBXProject "Unit1_CodePath" */ = {
			isa = XCConfigurationList;
			buildConfigurations = (
				B46D426C26FEC87F00135737 /* Debug */,
				B46D426D26FEC87F00135737 /* Release */,
			);
			defaultConfigurationIsVisible = 0;
			defaultConfigurationName = Release;
		};
		B46D426E26FEC87F00135737 /* Build configuration list for PBXNativeTarget "Unit1_CodePath" */ = {
			isa = XCConfigurationList;
			buildConfigurations = (
				B46D426F26FEC87F00135737 /* Debug */,
				B46D427026FEC87F00135737 /* Release */,
			);
			defaultConfigurationIsVisible = 0;
			defaultConfigurationName = Release;
		};
/* End XCConfigurationList section */

/* Begin XCRemoteSwiftPackageReference section */
		B4594FC226FEE31800AF2EBE /* XCRemoteSwiftPackageReference "AlamofireImage" */ = {
			isa = XCRemoteSwiftPackageReference;
			repositoryURL = "https://github.com/Alamofire/AlamofireImage";
			requirement = {
				kind = upToNextMajorVersion;
				minimumVersion = 4.2.0;
			};
		};
/* End XCRemoteSwiftPackageReference section */

/* Begin XCSwiftPackageProductDependency section */
		B4594FC326FEE31800AF2EBE /* AlamofireImage */ = {
			isa = XCSwiftPackageProductDependency;
			package = B4594FC226FEE31800AF2EBE /* XCRemoteSwiftPackageReference "AlamofireImage" */;
			productName = AlamofireImage;
		};
/* End XCSwiftPackageProductDependency section */
	};
	rootObject = B46D425226FEC87E00135737 /* Project object */;
}
